
Microsoft Visual Studio Solution File, Format Version 12.00
# Visual Studio Version 17
VisualStudioVersion = 17.5.002.0
MinimumVisualStudioVersion = 10.0.40219.1
Project("{9A19103F-16F7-4668-BE54-9A1E7A4F7556}") = "ManageVisitsZoo", "ManageVisitsZoo.csproj", "{C221EC72-4F68-4B85-A2F6-A8E563C569E3}"
EndProject
Global
	GlobalSection(SolutionConfigurationPlatforms) = preSolution
		Debug|Any CPU = Debug|Any CPU
		Release|Any CPU = Release|Any CPU
	EndGlobalSection
	GlobalSection(ProjectConfigurationPlatforms) = postSolution
		{C221EC72-4F68-4B85-A2F6-A8E563C569E3}.Debug|Any CPU.ActiveCfg = Debug|Any CPU
		{C221EC72-4F68-4B85-A2F6-A8E563C569E3}.Debug|Any CPU.Build.0 = Debug|Any CPU
		{C221EC72-4F68-4B85-A2F6-A8E563C569E3}.Release|Any CPU.ActiveCfg = Release|Any CPU
		{C221EC72-4F68-4B85-A2F6-A8E563C569E3}.Release|Any CPU.Build.0 = Release|Any CPU
	EndGlobalSection
	GlobalSection(SolutionProperties) = preSolution
		HideSolutionNode = FALSE
	EndGlobalSection
	GlobalSection(ExtensibilityGlobals) = postSolution
		SolutionGuid = {670E0CF5-9292-479F-9800-2D7DDB8F7AA3}
	EndGlobalSection
EndGlobal
