
Microsoft Visual Studio Solution File, Format Version 12.00
# Visual Studio Version 17
VisualStudioVersion = 17.5.002.0
MinimumVisualStudioVersion = 10.0.40219.1
Project("{9A19103F-16F7-4668-BE54-9A1E7A4F7556}") = "List_12", "List_12.csproj", "{CAB2F127-99D6-4338-A0FA-7D12141A943D}"
EndProject
Global
	GlobalSection(SolutionConfigurationPlatforms) = preSolution
		Debug|Any CPU = Debug|Any CPU
		Release|Any CPU = Release|Any CPU
	EndGlobalSection
	GlobalSection(ProjectConfigurationPlatforms) = postSolution
		{CAB2F127-99D6-4338-A0FA-7D12141A943D}.Debug|Any CPU.ActiveCfg = Debug|Any CPU
		{CAB2F127-99D6-4338-A0FA-7D12141A943D}.Debug|Any CPU.Build.0 = Debug|Any CPU
		{CAB2F127-99D6-4338-A0FA-7D12141A943D}.Release|Any CPU.ActiveCfg = Release|Any CPU
		{CAB2F127-99D6-4338-A0FA-7D12141A943D}.Release|Any CPU.Build.0 = Release|Any CPU
	EndGlobalSection
	GlobalSection(SolutionProperties) = preSolution
		HideSolutionNode = FALSE
	EndGlobalSection
	GlobalSection(ExtensibilityGlobals) = postSolution
		SolutionGuid = {429087C6-9F10-4231-9D61-9B821CC9D34E}
	EndGlobalSection
EndGlobal
