
Microsoft Visual Studio Solution File, Format Version 12.00
# Visual Studio Version 17
VisualStudioVersion = 17.8.34511.84
MinimumVisualStudioVersion = 10.0.40219.1
Project("{FAE04EC0-301F-11D3-BF4B-00C04F79EFBC}") = "Conjuntos", "Conjuntos.csproj", "{B9DE38F3-2B0E-480F-AD5D-4F554261AFD0}"
EndProject
Global
	GlobalSection(SolutionConfigurationPlatforms) = preSolution
		Debug|Any CPU = Debug|Any CPU
		Release|Any CPU = Release|Any CPU
	EndGlobalSection
	GlobalSection(ProjectConfigurationPlatforms) = postSolution
		{B9DE38F3-2B0E-480F-AD5D-4F554261AFD0}.Debug|Any CPU.ActiveCfg = Debug|Any CPU
		{B9DE38F3-2B0E-480F-AD5D-4F554261AFD0}.Debug|Any CPU.Build.0 = Debug|Any CPU
		{B9DE38F3-2B0E-480F-AD5D-4F554261AFD0}.Release|Any CPU.ActiveCfg = Release|Any CPU
		{B9DE38F3-2B0E-480F-AD5D-4F554261AFD0}.Release|Any CPU.Build.0 = Release|Any CPU
	EndGlobalSection
	GlobalSection(SolutionProperties) = preSolution
		HideSolutionNode = FALSE
	EndGlobalSection
	GlobalSection(ExtensibilityGlobals) = postSolution
		SolutionGuid = {C127B3B5-7D70-4F55-88D2-5D6FF01B9324}
	EndGlobalSection
EndGlobal
