
Microsoft Visual Studio Solution File, Format Version 12.00
# Visual Studio Version 17
VisualStudioVersion = 17.5.002.0
MinimumVisualStudioVersion = 10.0.40219.1
Project("{9A19103F-16F7-4668-BE54-9A1E7A4F7556}") = "Predicate_25", "Predicate_25.csproj", "{32088C29-7E3E-4CB8-8534-417BA123FFFC}"
EndProject
Global
	GlobalSection(SolutionConfigurationPlatforms) = preSolution
		Debug|Any CPU = Debug|Any CPU
		Release|Any CPU = Release|Any CPU
	EndGlobalSection
	GlobalSection(ProjectConfigurationPlatforms) = postSolution
		{32088C29-7E3E-4CB8-8534-417BA123FFFC}.Debug|Any CPU.ActiveCfg = Debug|Any CPU
		{32088C29-7E3E-4CB8-8534-417BA123FFFC}.Debug|Any CPU.Build.0 = Debug|Any CPU
		{32088C29-7E3E-4CB8-8534-417BA123FFFC}.Release|Any CPU.ActiveCfg = Release|Any CPU
		{32088C29-7E3E-4CB8-8534-417BA123FFFC}.Release|Any CPU.Build.0 = Release|Any CPU
	EndGlobalSection
	GlobalSection(SolutionProperties) = preSolution
		HideSolutionNode = FALSE
	EndGlobalSection
	GlobalSection(ExtensibilityGlobals) = postSolution
		SolutionGuid = {05B30E73-B147-43FB-94F3-D2D80668085B}
	EndGlobalSection
EndGlobal
