
Microsoft Visual Studio Solution File, Format Version 12.00
# Visual Studio Version 17
VisualStudioVersion = 17.5.002.0
MinimumVisualStudioVersion = 10.0.40219.1
Project("{9A19103F-16F7-4668-BE54-9A1E7A4F7556}") = "Enum_14", "Enum_14.csproj", "{EB3D91FF-79A4-421E-A4A2-61F8390CDF5F}"
EndProject
Global
	GlobalSection(SolutionConfigurationPlatforms) = preSolution
		Debug|Any CPU = Debug|Any CPU
		Release|Any CPU = Release|Any CPU
	EndGlobalSection
	GlobalSection(ProjectConfigurationPlatforms) = postSolution
		{EB3D91FF-79A4-421E-A4A2-61F8390CDF5F}.Debug|Any CPU.ActiveCfg = Debug|Any CPU
		{EB3D91FF-79A4-421E-A4A2-61F8390CDF5F}.Debug|Any CPU.Build.0 = Debug|Any CPU
		{EB3D91FF-79A4-421E-A4A2-61F8390CDF5F}.Release|Any CPU.ActiveCfg = Release|Any CPU
		{EB3D91FF-79A4-421E-A4A2-61F8390CDF5F}.Release|Any CPU.Build.0 = Release|Any CPU
	EndGlobalSection
	GlobalSection(SolutionProperties) = preSolution
		HideSolutionNode = FALSE
	EndGlobalSection
	GlobalSection(ExtensibilityGlobals) = postSolution
		SolutionGuid = {5415015E-B265-4BB8-B1E4-174429E167D4}
	EndGlobalSection
EndGlobal
