
Microsoft Visual Studio Solution File, Format Version 12.00
# Visual Studio Version 17
VisualStudioVersion = 17.5.002.0
MinimumVisualStudioVersion = 10.0.40219.1
Project("{9A19103F-16F7-4668-BE54-9A1E7A4F7556}") = "UpDownCasting_16", "UpDownCasting_16.csproj", "{3146F6D3-54E2-405E-9F9A-A7ECE58BE756}"
EndProject
Global
	GlobalSection(SolutionConfigurationPlatforms) = preSolution
		Debug|Any CPU = Debug|Any CPU
		Release|Any CPU = Release|Any CPU
	EndGlobalSection
	GlobalSection(ProjectConfigurationPlatforms) = postSolution
		{3146F6D3-54E2-405E-9F9A-A7ECE58BE756}.Debug|Any CPU.ActiveCfg = Debug|Any CPU
		{3146F6D3-54E2-405E-9F9A-A7ECE58BE756}.Debug|Any CPU.Build.0 = Debug|Any CPU
		{3146F6D3-54E2-405E-9F9A-A7ECE58BE756}.Release|Any CPU.ActiveCfg = Release|Any CPU
		{3146F6D3-54E2-405E-9F9A-A7ECE58BE756}.Release|Any CPU.Build.0 = Release|Any CPU
	EndGlobalSection
	GlobalSection(SolutionProperties) = preSolution
		HideSolutionNode = FALSE
	EndGlobalSection
	GlobalSection(ExtensibilityGlobals) = postSolution
		SolutionGuid = {CD69BA86-32CE-4048-A934-35E7A7B0C2E1}
	EndGlobalSection
EndGlobal
